
Microsoft Visual Studio Solution File, Format Version 12.00
# Visual Studio Version 17
VisualStudioVersion = 17.13.35931.197 d17.13
MinimumVisualStudioVersion = 10.0.40219.1
Project("{FAE04EC0-301F-11D3-BF4B-00C04F79EFBC}") = "Lab_2_2_git", "Lab_2_2_git.csproj", "{E3EB1282-5D7F-44A7-899D-35BC08C47040}"
EndProject
Global
	GlobalSection(SolutionConfigurationPlatforms) = preSolution
		Debug|Any CPU = Debug|Any CPU
		Release|Any CPU = Release|Any CPU
	EndGlobalSection
	GlobalSection(ProjectConfigurationPlatforms) = postSolution
		{E3EB1282-5D7F-44A7-899D-35BC08C47040}.Debug|Any CPU.ActiveCfg = Debug|Any CPU
		{E3EB1282-5D7F-44A7-899D-35BC08C47040}.Debug|Any CPU.Build.0 = Debug|Any CPU
		{E3EB1282-5D7F-44A7-899D-35BC08C47040}.Release|Any CPU.ActiveCfg = Release|Any CPU
		{E3EB1282-5D7F-44A7-899D-35BC08C47040}.Release|Any CPU.Build.0 = Release|Any CPU
	EndGlobalSection
	GlobalSection(SolutionProperties) = preSolution
		HideSolutionNode = FALSE
	EndGlobalSection
	GlobalSection(ExtensibilityGlobals) = postSolution
		SolutionGuid = {3900F212-DC8D-45C3-B9E4-9CAB3603D291}
	EndGlobalSection
EndGlobal
